
Microsoft Visual Studio Solution File, Format Version 12.00
# Visual Studio Version 17
VisualStudioVersion = 17.3.32929.385
MinimumVisualStudioVersion = 10.0.40219.1
Project("{9A19103F-16F7-4668-BE54-9A1E7A4F7556}") = "GoGreen", "GoGreen\GoGreen.csproj", "{B9F5234B-B4D3-49A8-9E1C-E9944DB52C55}"
EndProject
Project("{2150E333-8FDC-42A3-9474-1A3956D46DE8}") = "Solution Items", "Solution Items", "{0A646CA6-99B8-49F5-AD8A-C5E1890C2A61}"
	ProjectSection(SolutionItems) = preProject
		.dockerignore = .dockerignore
		.gitignore = .gitignore
		docker-compose.yaml = docker-compose.yaml
		Dockerfile = Dockerfile
		README.md = README.md
	EndProjectSection
EndProject
Project("{9A19103F-16F7-4668-BE54-9A1E7A4F7556}") = "RabbitMQ.Service", "RabbitMQService\RabbitMQ.Service.csproj", "{F4575084-3EE9-4AC4-BBE1-FD63C11D0180}"
EndProject
Global
	GlobalSection(SolutionConfigurationPlatforms) = preSolution
		Debug|Any CPU = Debug|Any CPU
		Release|Any CPU = Release|Any CPU
	EndGlobalSection
	GlobalSection(ProjectConfigurationPlatforms) = postSolution
		{B9F5234B-B4D3-49A8-9E1C-E9944DB52C55}.Debug|Any CPU.ActiveCfg = Debug|Any CPU
		{B9F5234B-B4D3-49A8-9E1C-E9944DB52C55}.Debug|Any CPU.Build.0 = Debug|Any CPU
		{B9F5234B-B4D3-49A8-9E1C-E9944DB52C55}.Release|Any CPU.ActiveCfg = Release|Any CPU
		{B9F5234B-B4D3-49A8-9E1C-E9944DB52C55}.Release|Any CPU.Build.0 = Release|Any CPU
		{F4575084-3EE9-4AC4-BBE1-FD63C11D0180}.Debug|Any CPU.ActiveCfg = Debug|Any CPU
		{F4575084-3EE9-4AC4-BBE1-FD63C11D0180}.Debug|Any CPU.Build.0 = Debug|Any CPU
		{F4575084-3EE9-4AC4-BBE1-FD63C11D0180}.Release|Any CPU.ActiveCfg = Release|Any CPU
		{F4575084-3EE9-4AC4-BBE1-FD63C11D0180}.Release|Any CPU.Build.0 = Release|Any CPU
	EndGlobalSection
	GlobalSection(SolutionProperties) = preSolution
		HideSolutionNode = FALSE
	EndGlobalSection
	GlobalSection(ExtensibilityGlobals) = postSolution
		SolutionGuid = {1E8BAA51-2DC4-4854-9482-A76C556AFF19}
	EndGlobalSection
EndGlobal
